// !$*UTF8*$!
{
	archiveVersion = 1;
	classes = {
	};
	objectVersion = 46;
	objects = {

/* Begin PBXBuildFile section */
		093AB5991F0E195F00666349 /* AppDelegate.swift in Sources */ = {isa = PBXBuildFile; fileRef = 093AB5981F0E195F00666349 /* AppDelegate.swift */; };
		093AB59B1F0E195F00666349 /* ViewController.swift in Sources */ = {isa = PBXBuildFile; fileRef = 093AB59A1F0E195F00666349 /* ViewController.swift */; };
		093AB59E1F0E195F00666349 /* Main.storyboard in Resources */ = {isa = PBXBuildFile; fileRef = 093AB59C1F0E195F00666349 /* Main.storyboard */; };
		093AB5A01F0E195F00666349 /* Assets.xcassets in Resources */ = {isa = PBXBuildFile; fileRef = 093AB59F1F0E195F00666349 /* Assets.xcassets */; };
		093AB5A31F0E195F00666349 /* LaunchScreen.storyboard in Resources */ = {isa = PBXBuildFile; fileRef = 093AB5A11F0E195F00666349 /* LaunchScreen.storyboard */; };
/* End PBXBuildFile section */

/* Begin PBXFileReference section */
		093AB5951F0E195F00666349 /* TimerCountDown.app */ = {isa = PBXFileReference; explicitFileType = wrapper.application; includeInIndex = 0; path = TimerCountDown.app; sourceTree = BUILT_PRODUCTS_DIR; };
		093AB5981F0E195F00666349 /* AppDelegate.swift */ = {isa = PBXFileReference; lastKnownFileType = sourcecode.swift; path = AppDelegate.swift; sourceTree = "<group>"; };
		093AB59A1F0E195F00666349 /* ViewController.swift */ = {isa = PBXFileReference; lastKnownFileType = sourcecode.swift; path = ViewController.swift; sourceTree = "<group>"; };
		093AB59D1F0E195F00666349 /* Base */ = {isa = PBXFileReference; lastKnownFileType = file.storyboard; name = Base; path = Base.lproj/Main.storyboard; sourceTree = "<group>"; };
		093AB59F1F0E195F00666349 /* Assets.xcassets */ = {isa = PBXFileReference; lastKnownFileType = folder.assetcatalog; path = Assets.xcassets; sourceTree = "<group>"; };
		093AB5A21F0E195F00666349 /* Base */ = {isa = PBXFileReference; lastKnownFileType = file.storyboard; name = Base; path = Base.lproj/LaunchScreen.storyboard; sourceTree = "<group>"; };
		093AB5A41F0E195F00666349 /* Info.plist */ = {isa = PBXFileReference; lastKnownFileType = text.plist.xml; path = Info.plist; sourceTree = "<group>"; };
/* End PBXFileReference section */

/* Begin PBXFrameworksBuildPhase section */
		093AB5921F0E195F00666349 /* Frameworks */ = {
			isa = PBXFrameworksBuildPhase;
			buildActionMask = 2147483647;
			files = (
			);
			runOnlyForDeploymentPostprocessing = 0;
		};
/* End PBXFrameworksBuildPhase section */

/* Begin PBXGroup section */
		093AB58C1F0E195F00666349 = {
			isa = PBXGroup;
			children = (
				093AB5971F0E195F00666349 /* TimerCountDown */,
				093AB5961F0E195F00666349 /* Products */,
			);
			sourceTree = "<group>";
		};
		093AB5961F0E195F00666349 /* Products */ = {
			isa = PBXGroup;
			children = (
				093AB5951F0E195F00666349 /* TimerCountDown.app */,
			);
			name = Products;
			sourceTree = "<group>";
		};
		093AB5971F0E195F00666349 /* TimerCountDown */ = {
			isa = PBXGroup;
			children = (
				093AB5981F0E195F00666349 /* AppDelegate.swift */,
				093AB59A1F0E195F00666349 /* ViewController.swift */,
				093AB59C1F0E195F00666349 /* Main.storyboard */,
				093AB59F1F0E195F00666349 /* Assets.xcassets */,
				093AB5A11F0E195F00666349 /* LaunchScreen.storyboard */,
				093AB5A41F0E195F00666349 /* Info.plist */,
			);
			path = TimerCountDown;
			sourceTree = "<group>";
		};
/* End PBXGroup section */

/* Begin PBXNativeTarget section */
		093AB5941F0E195F00666349 /* TimerCountDown */ = {
			isa = PBXNativeTarget;
			buildConfigurationList = 093AB5A71F0E195F00666349 /* Build configuration list for PBXNativeTarget "TimerCountDown" */;
			buildPhases = (
				093AB5911F0E195F00666349 /* Sources */,
				093AB5921F0E195F00666349 /* Frameworks */,
				093AB5931F0E195F00666349 /* Resources */,
			);
			buildRules = (
			);
			dependencies = (
			);
			name = TimerCountDown;
			productName = TimerCountDown;
			productReference = 093AB5951F0E195F00666349 /* TimerCountDown.app */;
			productType = "com.apple.product-type.application";
		};
/* End PBXNativeTarget section */

/* Begin PBXProject section */
		093AB58D1F0E195F00666349 /* Project object */ = {
			isa = PBXProject;
			attributes = {
				LastSwiftUpdateCheck = 0830;
				LastUpgradeCheck = 0830;
				ORGANIZATIONNAME = "太阳在线";
				TargetAttributes = {
					093AB5941F0E195F00666349 = {
						CreatedOnToolsVersion = 8.3.3;
						DevelopmentTeam = 5L2VYS9EW8;
						ProvisioningStyle = Automatic;
					};
				};
			};
			buildConfigurationList = 093AB5901F0E195F00666349 /* Build configuration list for PBXProject "TimerCountDown" */;
			compatibilityVersion = "Xcode 3.2";
			developmentRegion = English;
			hasScannedForEncodings = 0;
			knownRegions = (
				en,
				Base,
			);
			mainGroup = 093AB58C1F0E195F00666349;
			productRefGroup = 093AB5961F0E195F00666349 /* Products */;
			projectDirPath = "";
			projectRoot = "";
			targets = (
				093AB5941F0E195F00666349 /* TimerCountDown */,
			);
		};
/* End PBXProject section */

/* Begin PBXResourcesBuildPhase section */
		093AB5931F0E195F00666349 /* Resources */ = {
			isa = PBXResourcesBuildPhase;
			buildActionMask = 2147483647;
			files = (
				093AB5A31F0E195F00666349 /* LaunchScreen.storyboard in Resources */,
				093AB5A01F0E195F00666349 /* Assets.xcassets in Resources */,
				093AB59E1F0E195F00666349 /* Main.storyboard in Resources */,
			);
			runOnlyForDeploymentPostprocessing = 0;
		};
/* End PBXResourcesBuildPhase section */

/* Begin PBXSourcesBuildPhase section */
		093AB5911F0E195F00666349 /* Sources */ = {
			isa = PBXSourcesBuildPhase;
			buildActionMask = 2147483647;
			files = (
				093AB59B1F0E195F00666349 /* ViewController.swift in Sources */,
				093AB5991F0E195F00666349 /* AppDelegate.swift in Sources */,
			);
			runOnlyForDeploymentPostprocessing = 0;
		};
/* End PBXSourcesBuildPhase section */

/* Begin PBXVariantGroup section */
		093AB59C1F0E195F00666349 /* Main.storyboard */ = {
			isa = PBXVariantGroup;
			children = (
				093AB59D1F0E195F00666349 /* Base */,
			);
			name = Main.storyboard;
			sourceTree = "<group>";
		};
		093AB5A11F0E195F00666349 /* LaunchScreen.storyboard */ = {
			isa = PBXVariantGroup;
			children = (
				093AB5A21F0E195F00666349 /* Base */,
			);
			name = LaunchScreen.storyboard;
			sourceTree = "<group>";
		};
/* End PBXVariantGroup section */

/* Begin XCBuildConfiguration section */
		093AB5A51F0E195F00666349 /* Debug */ = {
			isa = XCBuildConfiguration;
			buildSettings = {
				ALWAYS_SEARCH_USER_PATHS = NO;
				CLANG_ANALYZER_NONNULL = YES;
				CLANG_ANALYZER_NUMBER_OBJECT_CONVERSION = YES_AGGRESSIVE;
				CLANG_CXX_LANGUAGE_STANDARD = "gnu++0x";
				CLANG_CXX_LIBRARY = "libc++";
				CLANG_ENABLE_MODULES = YES;
				CLANG_ENABLE_OBJC_ARC = YES;
				CLANG_WARN_BOOL_CONVERSION = YES;
				CLANG_WARN_CONSTANT_CONVERSION = YES;
				CLANG_WARN_DIRECT_OBJC_ISA_USAGE = YES_ERROR;
				CLANG_WARN_DOCUMENTATION_COMMENTS = YES;
				CLANG_WARN_EMPTY_BODY = YES;
				CLANG_WARN_ENUM_CONVERSION = YES;
				CLANG_WARN_INFINITE_RECURSION = YES;
				CLANG_WARN_INT_CONVERSION = YES;
				CLANG_WARN_OBJC_ROOT_CLASS = YES_ERROR;
				CLANG_WARN_SUSPICIOUS_MOVE = YES;
				CLANG_WARN_UNREACHABLE_CODE = YES;
				CLANG_WARN__DUPLICATE_METHOD_MATCH = YES;
				"CODE_SIGN_IDENTITY[sdk=iphoneos*]" = "iPhone Developer";
				COPY_PHASE_STRIP = NO;
				DEBUG_INFORMATION_FORMAT = dwarf;
				ENABLE_STRICT_OBJC_MSGSEND = YES;
				ENABLE_TESTABILITY = YES;
				GCC_C_LANGUAGE_STANDARD = gnu99;
				GCC_DYNAMIC_NO_PIC = NO;
				GCC_NO_COMMON_BLOCKS = YES;
				GCC_OPTIMIZATION_LEVEL = 0;
				GCC_PREPROCESSOR_DEFINITIONS = (
					"DEBUG=1",
					"$(inherited)",
				);
				GCC_WARN_64_TO_32_BIT_CONVERSION = YES;
				GCC_WARN_ABOUT_RETURN_TYPE = YES_ERROR;
				GCC_WARN_UNDECLARED_SELECTOR = YES;
				GCC_WARN_UNINITIALIZED_AUTOS = YES_AGGRESSIVE;
				GCC_WARN_UNUSED_FUNCTION = YES;
				GCC_WARN_UNUSED_VARIABLE = YES;
				IPHONEOS_DEPLOYMENT_TARGET = 10.3;
				MTL_ENABLE_DEBUG_INFO = YES;
				ONLY_ACTIVE_ARCH = YES;
				SDKROOT = iphoneos;
				SWIFT_ACTIVE_COMPILATION_CONDITIONS = DEBUG;
				SWIFT_OPTIMIZATION_LEVEL = "-Onone";
			};
			name = Debug;
		};
		093AB5A61F0E195F00666349 /* Release */ = {
			isa = XCBuildConfiguration;
			buildSettings = {
				ALWAYS_SEARCH_USER_PATHS = NO;
				CLANG_ANALYZER_NONNULL = YES;
				CLANG_ANALYZER_NUMBER_OBJECT_CONVERSION = YES_AGGRESSIVE;
				CLANG_CXX_LANGUAGE_STANDARD = "gnu++0x";
				CLANG_CXX_LIBRARY = "libc++";
				CLANG_ENABLE_MODULES = YES;
				CLANG_ENABLE_OBJC_ARC = YES;
				CLANG_WARN_BOOL_CONVERSION = YES;
				CLANG_WARN_CONSTANT_CONVERSION = YES;
				CLANG_WARN_DIRECT_OBJC_ISA_USAGE = YES_ERROR;
				CLANG_WARN_DOCUMENTATION_COMMENTS = YES;
				CLANG_WARN_EMPTY_BODY = YES;
				CLANG_WARN_ENUM_CONVERSION = YES;
				CLANG_WARN_INFINITE_RECURSION = YES;
				CLANG_WARN_INT_CONVERSION = YES;
				CLANG_WARN_OBJC_ROOT_CLASS = YES_ERROR;
				CLANG_WARN_SUSPICIOUS_MOVE = YES;
				CLANG_WARN_UNREACHABLE_CODE = YES;
				CLANG_WARN__DUPLICATE_METHOD_MATCH = YES;
				"CODE_SIGN_IDENTITY[sdk=iphoneos*]" = "iPhone Developer";
				COPY_PHASE_STRIP = NO;
				DEBUG_INFORMATION_FORMAT = "dwarf-with-dsym";
				ENABLE_NS_ASSERTIONS = NO;
				ENABLE_STRICT_OBJC_MSGSEND = YES;
				GCC_C_LANGUAGE_STANDARD = gnu99;
				GCC_NO_COMMON_BLOCKS = YES;
				GCC_WARN_64_TO_32_BIT_CONVERSION = YES;
				GCC_WARN_ABOUT_RETURN_TYPE = YES_ERROR;
				GCC_WARN_UNDECLARED_SELECTOR = YES;
				GCC_WARN_UNINITIALIZED_AUTOS = YES_AGGRESSIVE;
				GCC_WARN_UNUSED_FUNCTION = YES;
				GCC_WARN_UNUSED_VARIABLE = YES;
				IPHONEOS_DEPLOYMENT_TARGET = 10.3;
				MTL_ENABLE_DEBUG_INFO = NO;
				SDKROOT = iphoneos;
				SWIFT_OPTIMIZATION_LEVEL = "-Owholemodule";
				VALIDATE_PRODUCT = YES;
			};
			name = Release;
		};
		093AB5A81F0E195F00666349 /* Debug */ = {
			isa = XCBuildConfiguration;
			buildSettings = {
				ASSETCATALOG_COMPILER_APPICON_NAME = AppIcon;
				DEVELOPMENT_TEAM = 5L2VYS9EW8;
				INFOPLIST_FILE = TimerCountDown/Info.plist;
				LD_RUNPATH_SEARCH_PATHS = "$(inherited) @executable_path/Frameworks";
				PRODUCT_BUNDLE_IDENTIFIER = com.king.lpp.TimerCountDown;
				PRODUCT_NAME = "$(TARGET_NAME)";
				SWIFT_VERSION = 3.0;
			};
			name = Debug;
		};
		093AB5A91F0E195F00666349 /* Release */ = {
			isa = XCBuildConfiguration;
			buildSettings = {
				ASSETCATALOG_COMPILER_APPICON_NAME = AppIcon;
				DEVELOPMENT_TEAM = 5L2VYS9EW8;
				INFOPLIST_FILE = TimerCountDown/Info.plist;
				LD_RUNPATH_SEARCH_PATHS = "$(inherited) @executable_path/Frameworks";
				PRODUCT_BUNDLE_IDENTIFIER = com.king.lpp.TimerCountDown;
				PRODUCT_NAME = "$(TARGET_NAME)";
				SWIFT_VERSION = 3.0;
			};
			name = Release;
		};
/* End XCBuildConfiguration section */

/* Begin XCConfigurationList section */
		093AB5901F0E195F00666349 /* Build configuration list for PBXProject "TimerCountDown" */ = {
			isa = XCConfigurationList;
			buildConfigurations = (
				093AB5A51F0E195F00666349 /* Debug */,
				093AB5A61F0E195F00666349 /* Release */,
			);
			defaultConfigurationIsVisible = 0;
			defaultConfigurationName = Release;
		};
		093AB5A71F0E195F00666349 /* Build configuration list for PBXNativeTarget "TimerCountDown" */ = {
			isa = XCConfigurationList;
			buildConfigurations = (
				093AB5A81F0E195F00666349 /* Debug */,
				093AB5A91F0E195F00666349 /* Release */,
			);
			defaultConfigurationIsVisible = 0;
		};
/* End XCConfigurationList section */
	};
	rootObject = 093AB58D1F0E195F00666349 /* Project object */;
}
